
Microsoft Visual Studio Solution File, Format Version 12.00
# Visual Studio Version 16
VisualStudioVersion = 16.0.29326.143
MinimumVisualStudioVersion = 10.0.40219.1
Project("{9A19103F-16F7-4668-BE54-9A1E7A4F7556}") = "FileProviderWebApp", "src\AspNetCore3x\FileProviderWebApp\FileProviderWebApp.csproj", "{31550083-6CD6-4C7F-B966-0922EA570E3F}"
EndProject
Project("{9A19103F-16F7-4668-BE54-9A1E7A4F7556}") = "FallbackRouteWebApp", "src\AspNetCore3x\FallbackRouteWebApp\FallbackRouteWebApp.csproj", "{A0D2794A-F212-4003-8A5D-3596FDD56B6B}"
EndProject
Project("{9A19103F-16F7-4668-BE54-9A1E7A4F7556}") = "CookieAuthWebApp", "src\AspNetCore3x\CookieAuthWebApp\CookieAuthWebApp.csproj", "{6E3F7D3D-8F34-40EB-9E2F-2C11EB773AA8}"
EndProject
Project("{9A19103F-16F7-4668-BE54-9A1E7A4F7556}") = "TagHelperWebApp", "src\AspNetCore3x\TagHelperWebApp\TagHelperWebApp.csproj", "{465028E7-D914-4237-ADD5-01489CB27A64}"
EndProject
Project("{FAE04EC0-301F-11D3-BF4B-00C04F79EFBC}") = "AsyncSuffixTrimmedWebApp", "src\AspNetCore3x\AsyncSuffixTrimmedWebApp\AsyncSuffixTrimmedWebApp.csproj", "{AB230E14-7A5B-49AA-9020-38473B0290B4}"
EndProject
Global
	GlobalSection(SolutionConfigurationPlatforms) = preSolution
		Debug|Any CPU = Debug|Any CPU
		Release|Any CPU = Release|Any CPU
	EndGlobalSection
	GlobalSection(ProjectConfigurationPlatforms) = postSolution
		{31550083-6CD6-4C7F-B966-0922EA570E3F}.Debug|Any CPU.ActiveCfg = Debug|Any CPU
		{31550083-6CD6-4C7F-B966-0922EA570E3F}.Debug|Any CPU.Build.0 = Debug|Any CPU
		{31550083-6CD6-4C7F-B966-0922EA570E3F}.Release|Any CPU.ActiveCfg = Release|Any CPU
		{31550083-6CD6-4C7F-B966-0922EA570E3F}.Release|Any CPU.Build.0 = Release|Any CPU
		{A0D2794A-F212-4003-8A5D-3596FDD56B6B}.Debug|Any CPU.ActiveCfg = Debug|Any CPU
		{A0D2794A-F212-4003-8A5D-3596FDD56B6B}.Debug|Any CPU.Build.0 = Debug|Any CPU
		{A0D2794A-F212-4003-8A5D-3596FDD56B6B}.Release|Any CPU.ActiveCfg = Release|Any CPU
		{A0D2794A-F212-4003-8A5D-3596FDD56B6B}.Release|Any CPU.Build.0 = Release|Any CPU
		{6E3F7D3D-8F34-40EB-9E2F-2C11EB773AA8}.Debug|Any CPU.ActiveCfg = Debug|Any CPU
		{6E3F7D3D-8F34-40EB-9E2F-2C11EB773AA8}.Debug|Any CPU.Build.0 = Debug|Any CPU
		{6E3F7D3D-8F34-40EB-9E2F-2C11EB773AA8}.Release|Any CPU.ActiveCfg = Release|Any CPU
		{6E3F7D3D-8F34-40EB-9E2F-2C11EB773AA8}.Release|Any CPU.Build.0 = Release|Any CPU
		{465028E7-D914-4237-ADD5-01489CB27A64}.Debug|Any CPU.ActiveCfg = Debug|Any CPU
		{465028E7-D914-4237-ADD5-01489CB27A64}.Debug|Any CPU.Build.0 = Debug|Any CPU
		{465028E7-D914-4237-ADD5-01489CB27A64}.Release|Any CPU.ActiveCfg = Release|Any CPU
		{465028E7-D914-4237-ADD5-01489CB27A64}.Release|Any CPU.Build.0 = Release|Any CPU
		{AB230E14-7A5B-49AA-9020-38473B0290B4}.Debug|Any CPU.ActiveCfg = Debug|Any CPU
		{AB230E14-7A5B-49AA-9020-38473B0290B4}.Debug|Any CPU.Build.0 = Debug|Any CPU
		{AB230E14-7A5B-49AA-9020-38473B0290B4}.Release|Any CPU.ActiveCfg = Release|Any CPU
		{AB230E14-7A5B-49AA-9020-38473B0290B4}.Release|Any CPU.Build.0 = Release|Any CPU
	EndGlobalSection
	GlobalSection(SolutionProperties) = preSolution
		HideSolutionNode = FALSE
	EndGlobalSection
	GlobalSection(ExtensibilityGlobals) = postSolution
		SolutionGuid = {D1E03AE7-BF95-4CDB-859F-DFE75DF0211C}
	EndGlobalSection
EndGlobal
