
Microsoft Visual Studio Solution File, Format Version 12.00
# Visual Studio Version 16
VisualStudioVersion = 16.0.28729.10
MinimumVisualStudioVersion = 10.0.40219.1
Project("{9A19103F-16F7-4668-BE54-9A1E7A4F7556}") = "SampleTest", "src\DotNetCore2x\SampleTest\SampleTest.csproj", "{A283B07E-EF3D-4150-BCC0-51EC9F480086}"
EndProject
Project("{9A19103F-16F7-4668-BE54-9A1E7A4F7556}") = "TcpConsoleApp", "src\DotNetCore2x\TcpConsoleApp\TcpConsoleApp.csproj", "{98389D66-C961-4963-9751-E8C61D3A0278}"
EndProject
Project("{9A19103F-16F7-4668-BE54-9A1E7A4F7556}") = "UdpConsoleApp", "src\DotNetCore2x\UdpConsoleApp\UdpConsoleApp.csproj", "{A2FCEE9B-4C12-49FA-AF99-2CD5BF8E66FA}"
EndProject
Project("{9A19103F-16F7-4668-BE54-9A1E7A4F7556}") = "NamedPipeConsoleApp", "src\DotNetCore2x\NamedPipeConsoleApp\NamedPipeConsoleApp.csproj", "{4C53539B-5642-4EAC-BD9B-66970F18A770}"
EndProject
Project("{FAE04EC0-301F-11D3-BF4B-00C04F79EFBC}") = "GenericHostConsoleApp", "src\DotNetCore2x\GenericHostConsoleApp\GenericHostConsoleApp.csproj", "{13A66BF2-ACB6-4727-98B7-B959FAB60B5C}"
EndProject
Global
	GlobalSection(SolutionConfigurationPlatforms) = preSolution
		Debug|Any CPU = Debug|Any CPU
		Release|Any CPU = Release|Any CPU
	EndGlobalSection
	GlobalSection(ProjectConfigurationPlatforms) = postSolution
		{A283B07E-EF3D-4150-BCC0-51EC9F480086}.Debug|Any CPU.ActiveCfg = Debug|Any CPU
		{A283B07E-EF3D-4150-BCC0-51EC9F480086}.Debug|Any CPU.Build.0 = Debug|Any CPU
		{A283B07E-EF3D-4150-BCC0-51EC9F480086}.Release|Any CPU.ActiveCfg = Release|Any CPU
		{A283B07E-EF3D-4150-BCC0-51EC9F480086}.Release|Any CPU.Build.0 = Release|Any CPU
		{98389D66-C961-4963-9751-E8C61D3A0278}.Debug|Any CPU.ActiveCfg = Debug|Any CPU
		{98389D66-C961-4963-9751-E8C61D3A0278}.Debug|Any CPU.Build.0 = Debug|Any CPU
		{98389D66-C961-4963-9751-E8C61D3A0278}.Release|Any CPU.ActiveCfg = Release|Any CPU
		{98389D66-C961-4963-9751-E8C61D3A0278}.Release|Any CPU.Build.0 = Release|Any CPU
		{A2FCEE9B-4C12-49FA-AF99-2CD5BF8E66FA}.Debug|Any CPU.ActiveCfg = Debug|Any CPU
		{A2FCEE9B-4C12-49FA-AF99-2CD5BF8E66FA}.Debug|Any CPU.Build.0 = Debug|Any CPU
		{A2FCEE9B-4C12-49FA-AF99-2CD5BF8E66FA}.Release|Any CPU.ActiveCfg = Release|Any CPU
		{A2FCEE9B-4C12-49FA-AF99-2CD5BF8E66FA}.Release|Any CPU.Build.0 = Release|Any CPU
		{4C53539B-5642-4EAC-BD9B-66970F18A770}.Debug|Any CPU.ActiveCfg = Debug|Any CPU
		{4C53539B-5642-4EAC-BD9B-66970F18A770}.Debug|Any CPU.Build.0 = Debug|Any CPU
		{4C53539B-5642-4EAC-BD9B-66970F18A770}.Release|Any CPU.ActiveCfg = Release|Any CPU
		{4C53539B-5642-4EAC-BD9B-66970F18A770}.Release|Any CPU.Build.0 = Release|Any CPU
		{13A66BF2-ACB6-4727-98B7-B959FAB60B5C}.Debug|Any CPU.ActiveCfg = Debug|Any CPU
		{13A66BF2-ACB6-4727-98B7-B959FAB60B5C}.Debug|Any CPU.Build.0 = Debug|Any CPU
		{13A66BF2-ACB6-4727-98B7-B959FAB60B5C}.Release|Any CPU.ActiveCfg = Release|Any CPU
		{13A66BF2-ACB6-4727-98B7-B959FAB60B5C}.Release|Any CPU.Build.0 = Release|Any CPU
	EndGlobalSection
	GlobalSection(SolutionProperties) = preSolution
		HideSolutionNode = FALSE
	EndGlobalSection
	GlobalSection(ExtensibilityGlobals) = postSolution
		SolutionGuid = {922CFBCB-2F6F-4950-89CE-4F51C0E1A174}
	EndGlobalSection
EndGlobal
