
Microsoft Visual Studio Solution File, Format Version 12.00
# Visual Studio Version 16
VisualStudioVersion = 16.0.29519.87
MinimumVisualStudioVersion = 10.0.40219.1
Project("{FAE04EC0-301F-11D3-BF4B-00C04F79EFBC}") = "SampleTest", "src\DotNetCore3x\SampleTest\SampleTest.csproj", "{17D80C7B-2366-4638-AC4E-CEE4AC47536F}"
EndProject
Global
	GlobalSection(SolutionConfigurationPlatforms) = preSolution
		Debug|Any CPU = Debug|Any CPU
		Release|Any CPU = Release|Any CPU
	EndGlobalSection
	GlobalSection(ProjectConfigurationPlatforms) = postSolution
		{17D80C7B-2366-4638-AC4E-CEE4AC47536F}.Debug|Any CPU.ActiveCfg = Debug|Any CPU
		{17D80C7B-2366-4638-AC4E-CEE4AC47536F}.Debug|Any CPU.Build.0 = Debug|Any CPU
		{17D80C7B-2366-4638-AC4E-CEE4AC47536F}.Release|Any CPU.ActiveCfg = Release|Any CPU
		{17D80C7B-2366-4638-AC4E-CEE4AC47536F}.Release|Any CPU.Build.0 = Release|Any CPU
	EndGlobalSection
	GlobalSection(SolutionProperties) = preSolution
		HideSolutionNode = FALSE
	EndGlobalSection
	GlobalSection(ExtensibilityGlobals) = postSolution
		SolutionGuid = {01FD03BD-6C05-4AE0-BCAD-70AE4435C85E}
	EndGlobalSection
EndGlobal
