
Microsoft Visual Studio Solution File, Format Version 12.00
# Visual Studio Version 16
VisualStudioVersion = 16.0.29519.87
MinimumVisualStudioVersion = 10.0.40219.1
Project("{9A19103F-16F7-4668-BE54-9A1E7A4F7556}") = "SampleTest", "src\DotNetCore3x\SampleTest\SampleTest.csproj", "{17D80C7B-2366-4638-AC4E-CEE4AC47536F}"
EndProject
Project("{9A19103F-16F7-4668-BE54-9A1E7A4F7556}") = "GenericHostConsoleApp", "src\DotNetCore3x\GenericHostConsoleApp\GenericHostConsoleApp.csproj", "{5F640BA0-58F5-4966-B200-E6F43CFC0691}"
EndProject
Project("{9A19103F-16F7-4668-BE54-9A1E7A4F7556}") = "GenericHostOnceConsoleApp", "src\DotNetCore3x\GenericHostOnceConsoleApp\GenericHostOnceConsoleApp.csproj", "{6385C55C-A312-4D86-A421-F46A524FE648}"
EndProject
Project("{2150E333-8FDC-42A3-9474-1A3956D46DE8}") = ".NET Core", ".NET Core", "{31E0DF25-725C-41CB-BDEC-D5876935533F}"
EndProject
Project("{2150E333-8FDC-42A3-9474-1A3956D46DE8}") = "ASP.NET Core", "ASP.NET Core", "{558EBECF-4398-4B54-8147-BA2BB02CFF4B}"
EndProject
Project("{9A19103F-16F7-4668-BE54-9A1E7A4F7556}") = "AsyncSuffixTrimmedWebApp", "src\AspNetCore3x\AsyncSuffixTrimmedWebApp\AsyncSuffixTrimmedWebApp.csproj", "{4C8A21C7-8558-4B41-A444-DEA7EC1B5294}"
EndProject
Project("{9A19103F-16F7-4668-BE54-9A1E7A4F7556}") = "FallbackRouteWebApp", "src\AspNetCore3x\FallbackRouteWebApp\FallbackRouteWebApp.csproj", "{48ABC7CB-B5A4-4D20-8830-58A442AA7C22}"
EndProject
Project("{9A19103F-16F7-4668-BE54-9A1E7A4F7556}") = "FileProviderWebApp", "src\AspNetCore3x\FileProviderWebApp\FileProviderWebApp.csproj", "{26C32863-3AE5-4CAB-A3BE-4ECF2787A8C2}"
EndProject
Project("{9A19103F-16F7-4668-BE54-9A1E7A4F7556}") = "MiscWebApp", "src\AspNetCore3x\MiscWebApp\MiscWebApp.csproj", "{F0FC1D1D-F570-4B50-8485-8E4F6EFB61F9}"
EndProject
Project("{9A19103F-16F7-4668-BE54-9A1E7A4F7556}") = "TagHelperWebApp", "src\AspNetCore3x\TagHelperWebApp\TagHelperWebApp.csproj", "{687DC64E-189E-4B2A-9CE6-A1F29F3BBA82}"
EndProject
Project("{2150E333-8FDC-42A3-9474-1A3956D46DE8}") = "EF Core", "EF Core", "{6D512DED-4C07-406B-9393-59F588F56B36}"
EndProject
Project("{9A19103F-16F7-4668-BE54-9A1E7A4F7556}") = "LoggingConsoleApp", "src\EfCore3x\LoggingConsoleApp\LoggingConsoleApp.csproj", "{765C2FB2-677A-4811-BB69-5F762945FA32}"
EndProject
Project("{9A19103F-16F7-4668-BE54-9A1E7A4F7556}") = "Auth0WebApp", "src\AspNetCore3x\Auth0WebApp\Auth0WebApp.csproj", "{AE38FDF3-9498-4204-A1C0-D4B1F257F5A8}"
EndProject
Project("{9A19103F-16F7-4668-BE54-9A1E7A4F7556}") = "OptionPatternWebApp", "src\AspNetCore3x\OptionPatternWebApp\OptionPatternWebApp.csproj", "{53247B1A-4230-4417-BBEA-FF9C096A0766}"
EndProject
Project("{9A19103F-16F7-4668-BE54-9A1E7A4F7556}") = "SendGridWebApp", "src\AspNetCore3x\SendGridWebApp\SendGridWebApp.csproj", "{EEACA712-3DB2-4137-B5C8-AF2170F9D5AB}"
EndProject
Project("{9A19103F-16F7-4668-BE54-9A1E7A4F7556}") = "DistributedCacheWebApp", "src\AspNetCore3x\DistributedCacheWebApp\DistributedCacheWebApp.csproj", "{4AF839A1-E714-44C5-BD49-49B92C2A031F}"
EndProject
Project("{9A19103F-16F7-4668-BE54-9A1E7A4F7556}") = "AzureStorageConsoleApp", "src\DotNetCore3x\AzureStorageConsoleApp\AzureStorageConsoleApp.csproj", "{5F683138-0376-48A0-A481-33F5AAB89C23}"
EndProject
Project("{9A19103F-16F7-4668-BE54-9A1E7A4F7556}") = "CookieAuthnWebApp", "src\AspNetCore3x\CookieAuthnWebApp\CookieAuthnWebApp.csproj", "{0798EF70-E8FF-4492-9E71-47EF159A5CCD}"
EndProject
Project("{9A19103F-16F7-4668-BE54-9A1E7A4F7556}") = "PolicyAuthzWebApp", "src\AspNetCore3x\PolicyAuthzWebApp\PolicyAuthzWebApp.csproj", "{2DC72D46-0CC6-411A-A4D0-5B48B270C32F}"
EndProject
Project("{9A19103F-16F7-4668-BE54-9A1E7A4F7556}") = "CookieAuthnWebApp.Test", "src\AspNetCore3x\CookieAuthnWebApp.Test\CookieAuthnWebApp.Test.csproj", "{46BDF6E6-B98F-4301-93C2-2325E63E668C}"
EndProject
Project("{9A19103F-16F7-4668-BE54-9A1E7A4F7556}") = "TypeScriptWebApp", "src\AspNetCore3x\TypeScriptWebApp\TypeScriptWebApp.csproj", "{21756B5A-F615-4393-BF47-89477E91E3AF}"
EndProject
Project("{9A19103F-16F7-4668-BE54-9A1E7A4F7556}") = "ModelBindingWebApp", "src\AspNetCore3x\ModelBindingWebApp\ModelBindingWebApp.csproj", "{C988DA5B-9D84-4568-99DB-448C1743EB4C}"
EndProject
Project("{9A19103F-16F7-4668-BE54-9A1E7A4F7556}") = "ModelBindingWebApp.Test", "src\AspNetCore3x\ModelBindingWebApp.Test\ModelBindingWebApp.Test.csproj", "{BCAA3ECD-8638-4207-91F8-632CA987BA6D}"
EndProject
Project("{9A19103F-16F7-4668-BE54-9A1E7A4F7556}") = "MiddlewareWebApp", "src\AspNetCore3x\MiddlewareWebApp\MiddlewareWebApp.csproj", "{D8B4D88C-5AB3-423C-BAE8-1107BBFB6DBA}"
EndProject
Project("{9A19103F-16F7-4668-BE54-9A1E7A4F7556}") = "ControllerWebApp", "src\AspNetCore3x\ControllerWebApp\ControllerWebApp.csproj", "{4C6F8C89-AE3A-48E4-B716-FE33F39EF9CE}"
EndProject
Project("{9A19103F-16F7-4668-BE54-9A1E7A4F7556}") = "SassWebApp", "src\AspNetCore3x\SassWebApp\SassWebApp.csproj", "{DD6A780F-C096-484D-9381-9AF97E5E393D}"
EndProject
Project("{9A19103F-16F7-4668-BE54-9A1E7A4F7556}") = "SessionWebApp", "src\AspNetCore3x\SessionWebApp\SessionWebApp.csproj", "{2792781E-6BE1-4620-BA04-4A3ED1CA3291}"
EndProject
Project("{9A19103F-16F7-4668-BE54-9A1E7A4F7556}") = "MiscWebApi", "src\AspNetCore3x\MiscWebApi\MiscWebApi.csproj", "{76204308-17CB-4F3E-898C-FCBBBDD73848}"
EndProject
Project("{9A19103F-16F7-4668-BE54-9A1E7A4F7556}") = "MiscWebApi.Test", "src\AspNetCore3x\MiscWebApi.Test\MiscWebApi.Test.csproj", "{430A8E0A-A697-442A-B62C-2245A4C8BE13}"
EndProject
Project("{9A19103F-16F7-4668-BE54-9A1E7A4F7556}") = "AntiForgeryWebApp", "src\AspNetCore3x\AntiForgeryWebApp\AntiForgeryWebApp.csproj", "{FB133ACC-2562-42A3-9820-4AE93B5CA541}"
EndProject
Project("{9A19103F-16F7-4668-BE54-9A1E7A4F7556}") = "BasicAuthnWebApp", "src\AspNetCore3x\BasicAuthnWebApp\BasicAuthnWebApp.csproj", "{72C817B5-CCB4-4610-9502-9F734DEBE408}"
EndProject
Project("{9A19103F-16F7-4668-BE54-9A1E7A4F7556}") = "BasicAuthnWebApp.Test", "src\AspNetCore3x\BasicAuthnWebApp.Test\BasicAuthnWebApp.Test.csproj", "{00F71E15-9959-49FB-85E9-CF6EFB755441}"
EndProject
Project("{9A19103F-16F7-4668-BE54-9A1E7A4F7556}") = "MiscConsoleApp", "src\DotNetCore3x\MiscConsoleApp\MiscConsoleApp.csproj", "{79AE5199-AE4E-4E84-9BCF-591DD75F59AF}"
EndProject
Project("{FAE04EC0-301F-11D3-BF4B-00C04F79EFBC}") = "MiscWebApp.Test", "src\AspNetCore3x\MiscWebApp.Test\MiscWebApp.Test.csproj", "{834554E8-74C5-478C-AE8D-37015B4C3AE1}"
EndProject
Global
	GlobalSection(SolutionConfigurationPlatforms) = preSolution
		Debug|Any CPU = Debug|Any CPU
		Release|Any CPU = Release|Any CPU
	EndGlobalSection
	GlobalSection(ProjectConfigurationPlatforms) = postSolution
		{17D80C7B-2366-4638-AC4E-CEE4AC47536F}.Debug|Any CPU.ActiveCfg = Debug|Any CPU
		{17D80C7B-2366-4638-AC4E-CEE4AC47536F}.Debug|Any CPU.Build.0 = Debug|Any CPU
		{17D80C7B-2366-4638-AC4E-CEE4AC47536F}.Release|Any CPU.ActiveCfg = Release|Any CPU
		{17D80C7B-2366-4638-AC4E-CEE4AC47536F}.Release|Any CPU.Build.0 = Release|Any CPU
		{5F640BA0-58F5-4966-B200-E6F43CFC0691}.Debug|Any CPU.ActiveCfg = Debug|Any CPU
		{5F640BA0-58F5-4966-B200-E6F43CFC0691}.Debug|Any CPU.Build.0 = Debug|Any CPU
		{5F640BA0-58F5-4966-B200-E6F43CFC0691}.Release|Any CPU.ActiveCfg = Release|Any CPU
		{5F640BA0-58F5-4966-B200-E6F43CFC0691}.Release|Any CPU.Build.0 = Release|Any CPU
		{6385C55C-A312-4D86-A421-F46A524FE648}.Debug|Any CPU.ActiveCfg = Debug|Any CPU
		{6385C55C-A312-4D86-A421-F46A524FE648}.Debug|Any CPU.Build.0 = Debug|Any CPU
		{6385C55C-A312-4D86-A421-F46A524FE648}.Release|Any CPU.ActiveCfg = Release|Any CPU
		{6385C55C-A312-4D86-A421-F46A524FE648}.Release|Any CPU.Build.0 = Release|Any CPU
		{4C8A21C7-8558-4B41-A444-DEA7EC1B5294}.Debug|Any CPU.ActiveCfg = Debug|Any CPU
		{4C8A21C7-8558-4B41-A444-DEA7EC1B5294}.Debug|Any CPU.Build.0 = Debug|Any CPU
		{4C8A21C7-8558-4B41-A444-DEA7EC1B5294}.Release|Any CPU.ActiveCfg = Release|Any CPU
		{4C8A21C7-8558-4B41-A444-DEA7EC1B5294}.Release|Any CPU.Build.0 = Release|Any CPU
		{48ABC7CB-B5A4-4D20-8830-58A442AA7C22}.Debug|Any CPU.ActiveCfg = Debug|Any CPU
		{48ABC7CB-B5A4-4D20-8830-58A442AA7C22}.Debug|Any CPU.Build.0 = Debug|Any CPU
		{48ABC7CB-B5A4-4D20-8830-58A442AA7C22}.Release|Any CPU.ActiveCfg = Release|Any CPU
		{48ABC7CB-B5A4-4D20-8830-58A442AA7C22}.Release|Any CPU.Build.0 = Release|Any CPU
		{26C32863-3AE5-4CAB-A3BE-4ECF2787A8C2}.Debug|Any CPU.ActiveCfg = Debug|Any CPU
		{26C32863-3AE5-4CAB-A3BE-4ECF2787A8C2}.Debug|Any CPU.Build.0 = Debug|Any CPU
		{26C32863-3AE5-4CAB-A3BE-4ECF2787A8C2}.Release|Any CPU.ActiveCfg = Release|Any CPU
		{26C32863-3AE5-4CAB-A3BE-4ECF2787A8C2}.Release|Any CPU.Build.0 = Release|Any CPU
		{F0FC1D1D-F570-4B50-8485-8E4F6EFB61F9}.Debug|Any CPU.ActiveCfg = Debug|Any CPU
		{F0FC1D1D-F570-4B50-8485-8E4F6EFB61F9}.Debug|Any CPU.Build.0 = Debug|Any CPU
		{F0FC1D1D-F570-4B50-8485-8E4F6EFB61F9}.Release|Any CPU.ActiveCfg = Release|Any CPU
		{F0FC1D1D-F570-4B50-8485-8E4F6EFB61F9}.Release|Any CPU.Build.0 = Release|Any CPU
		{687DC64E-189E-4B2A-9CE6-A1F29F3BBA82}.Debug|Any CPU.ActiveCfg = Debug|Any CPU
		{687DC64E-189E-4B2A-9CE6-A1F29F3BBA82}.Debug|Any CPU.Build.0 = Debug|Any CPU
		{687DC64E-189E-4B2A-9CE6-A1F29F3BBA82}.Release|Any CPU.ActiveCfg = Release|Any CPU
		{687DC64E-189E-4B2A-9CE6-A1F29F3BBA82}.Release|Any CPU.Build.0 = Release|Any CPU
		{765C2FB2-677A-4811-BB69-5F762945FA32}.Debug|Any CPU.ActiveCfg = Debug|Any CPU
		{765C2FB2-677A-4811-BB69-5F762945FA32}.Debug|Any CPU.Build.0 = Debug|Any CPU
		{765C2FB2-677A-4811-BB69-5F762945FA32}.Release|Any CPU.ActiveCfg = Release|Any CPU
		{765C2FB2-677A-4811-BB69-5F762945FA32}.Release|Any CPU.Build.0 = Release|Any CPU
		{AE38FDF3-9498-4204-A1C0-D4B1F257F5A8}.Debug|Any CPU.ActiveCfg = Debug|Any CPU
		{AE38FDF3-9498-4204-A1C0-D4B1F257F5A8}.Debug|Any CPU.Build.0 = Debug|Any CPU
		{AE38FDF3-9498-4204-A1C0-D4B1F257F5A8}.Release|Any CPU.ActiveCfg = Release|Any CPU
		{AE38FDF3-9498-4204-A1C0-D4B1F257F5A8}.Release|Any CPU.Build.0 = Release|Any CPU
		{53247B1A-4230-4417-BBEA-FF9C096A0766}.Debug|Any CPU.ActiveCfg = Debug|Any CPU
		{53247B1A-4230-4417-BBEA-FF9C096A0766}.Debug|Any CPU.Build.0 = Debug|Any CPU
		{53247B1A-4230-4417-BBEA-FF9C096A0766}.Release|Any CPU.ActiveCfg = Release|Any CPU
		{53247B1A-4230-4417-BBEA-FF9C096A0766}.Release|Any CPU.Build.0 = Release|Any CPU
		{EEACA712-3DB2-4137-B5C8-AF2170F9D5AB}.Debug|Any CPU.ActiveCfg = Debug|Any CPU
		{EEACA712-3DB2-4137-B5C8-AF2170F9D5AB}.Debug|Any CPU.Build.0 = Debug|Any CPU
		{EEACA712-3DB2-4137-B5C8-AF2170F9D5AB}.Release|Any CPU.ActiveCfg = Release|Any CPU
		{EEACA712-3DB2-4137-B5C8-AF2170F9D5AB}.Release|Any CPU.Build.0 = Release|Any CPU
		{4AF839A1-E714-44C5-BD49-49B92C2A031F}.Debug|Any CPU.ActiveCfg = Debug|Any CPU
		{4AF839A1-E714-44C5-BD49-49B92C2A031F}.Debug|Any CPU.Build.0 = Debug|Any CPU
		{4AF839A1-E714-44C5-BD49-49B92C2A031F}.Release|Any CPU.ActiveCfg = Release|Any CPU
		{4AF839A1-E714-44C5-BD49-49B92C2A031F}.Release|Any CPU.Build.0 = Release|Any CPU
		{5F683138-0376-48A0-A481-33F5AAB89C23}.Debug|Any CPU.ActiveCfg = Debug|Any CPU
		{5F683138-0376-48A0-A481-33F5AAB89C23}.Debug|Any CPU.Build.0 = Debug|Any CPU
		{5F683138-0376-48A0-A481-33F5AAB89C23}.Release|Any CPU.ActiveCfg = Release|Any CPU
		{5F683138-0376-48A0-A481-33F5AAB89C23}.Release|Any CPU.Build.0 = Release|Any CPU
		{0798EF70-E8FF-4492-9E71-47EF159A5CCD}.Debug|Any CPU.ActiveCfg = Debug|Any CPU
		{0798EF70-E8FF-4492-9E71-47EF159A5CCD}.Debug|Any CPU.Build.0 = Debug|Any CPU
		{0798EF70-E8FF-4492-9E71-47EF159A5CCD}.Release|Any CPU.ActiveCfg = Release|Any CPU
		{0798EF70-E8FF-4492-9E71-47EF159A5CCD}.Release|Any CPU.Build.0 = Release|Any CPU
		{2DC72D46-0CC6-411A-A4D0-5B48B270C32F}.Debug|Any CPU.ActiveCfg = Debug|Any CPU
		{2DC72D46-0CC6-411A-A4D0-5B48B270C32F}.Debug|Any CPU.Build.0 = Debug|Any CPU
		{2DC72D46-0CC6-411A-A4D0-5B48B270C32F}.Release|Any CPU.ActiveCfg = Release|Any CPU
		{2DC72D46-0CC6-411A-A4D0-5B48B270C32F}.Release|Any CPU.Build.0 = Release|Any CPU
		{46BDF6E6-B98F-4301-93C2-2325E63E668C}.Debug|Any CPU.ActiveCfg = Debug|Any CPU
		{46BDF6E6-B98F-4301-93C2-2325E63E668C}.Debug|Any CPU.Build.0 = Debug|Any CPU
		{46BDF6E6-B98F-4301-93C2-2325E63E668C}.Release|Any CPU.ActiveCfg = Release|Any CPU
		{46BDF6E6-B98F-4301-93C2-2325E63E668C}.Release|Any CPU.Build.0 = Release|Any CPU
		{21756B5A-F615-4393-BF47-89477E91E3AF}.Debug|Any CPU.ActiveCfg = Debug|Any CPU
		{21756B5A-F615-4393-BF47-89477E91E3AF}.Debug|Any CPU.Build.0 = Debug|Any CPU
		{21756B5A-F615-4393-BF47-89477E91E3AF}.Release|Any CPU.ActiveCfg = Release|Any CPU
		{21756B5A-F615-4393-BF47-89477E91E3AF}.Release|Any CPU.Build.0 = Release|Any CPU
		{C988DA5B-9D84-4568-99DB-448C1743EB4C}.Debug|Any CPU.ActiveCfg = Debug|Any CPU
		{C988DA5B-9D84-4568-99DB-448C1743EB4C}.Debug|Any CPU.Build.0 = Debug|Any CPU
		{C988DA5B-9D84-4568-99DB-448C1743EB4C}.Release|Any CPU.ActiveCfg = Release|Any CPU
		{C988DA5B-9D84-4568-99DB-448C1743EB4C}.Release|Any CPU.Build.0 = Release|Any CPU
		{BCAA3ECD-8638-4207-91F8-632CA987BA6D}.Debug|Any CPU.ActiveCfg = Debug|Any CPU
		{BCAA3ECD-8638-4207-91F8-632CA987BA6D}.Debug|Any CPU.Build.0 = Debug|Any CPU
		{BCAA3ECD-8638-4207-91F8-632CA987BA6D}.Release|Any CPU.ActiveCfg = Release|Any CPU
		{BCAA3ECD-8638-4207-91F8-632CA987BA6D}.Release|Any CPU.Build.0 = Release|Any CPU
		{D8B4D88C-5AB3-423C-BAE8-1107BBFB6DBA}.Debug|Any CPU.ActiveCfg = Debug|Any CPU
		{D8B4D88C-5AB3-423C-BAE8-1107BBFB6DBA}.Debug|Any CPU.Build.0 = Debug|Any CPU
		{D8B4D88C-5AB3-423C-BAE8-1107BBFB6DBA}.Release|Any CPU.ActiveCfg = Release|Any CPU
		{D8B4D88C-5AB3-423C-BAE8-1107BBFB6DBA}.Release|Any CPU.Build.0 = Release|Any CPU
		{4C6F8C89-AE3A-48E4-B716-FE33F39EF9CE}.Debug|Any CPU.ActiveCfg = Debug|Any CPU
		{4C6F8C89-AE3A-48E4-B716-FE33F39EF9CE}.Debug|Any CPU.Build.0 = Debug|Any CPU
		{4C6F8C89-AE3A-48E4-B716-FE33F39EF9CE}.Release|Any CPU.ActiveCfg = Release|Any CPU
		{4C6F8C89-AE3A-48E4-B716-FE33F39EF9CE}.Release|Any CPU.Build.0 = Release|Any CPU
		{DD6A780F-C096-484D-9381-9AF97E5E393D}.Debug|Any CPU.ActiveCfg = Debug|Any CPU
		{DD6A780F-C096-484D-9381-9AF97E5E393D}.Debug|Any CPU.Build.0 = Debug|Any CPU
		{DD6A780F-C096-484D-9381-9AF97E5E393D}.Release|Any CPU.ActiveCfg = Release|Any CPU
		{DD6A780F-C096-484D-9381-9AF97E5E393D}.Release|Any CPU.Build.0 = Release|Any CPU
		{2792781E-6BE1-4620-BA04-4A3ED1CA3291}.Debug|Any CPU.ActiveCfg = Debug|Any CPU
		{2792781E-6BE1-4620-BA04-4A3ED1CA3291}.Debug|Any CPU.Build.0 = Debug|Any CPU
		{2792781E-6BE1-4620-BA04-4A3ED1CA3291}.Release|Any CPU.ActiveCfg = Release|Any CPU
		{2792781E-6BE1-4620-BA04-4A3ED1CA3291}.Release|Any CPU.Build.0 = Release|Any CPU
		{76204308-17CB-4F3E-898C-FCBBBDD73848}.Debug|Any CPU.ActiveCfg = Debug|Any CPU
		{76204308-17CB-4F3E-898C-FCBBBDD73848}.Debug|Any CPU.Build.0 = Debug|Any CPU
		{76204308-17CB-4F3E-898C-FCBBBDD73848}.Release|Any CPU.ActiveCfg = Release|Any CPU
		{76204308-17CB-4F3E-898C-FCBBBDD73848}.Release|Any CPU.Build.0 = Release|Any CPU
		{430A8E0A-A697-442A-B62C-2245A4C8BE13}.Debug|Any CPU.ActiveCfg = Debug|Any CPU
		{430A8E0A-A697-442A-B62C-2245A4C8BE13}.Debug|Any CPU.Build.0 = Debug|Any CPU
		{430A8E0A-A697-442A-B62C-2245A4C8BE13}.Release|Any CPU.ActiveCfg = Release|Any CPU
		{430A8E0A-A697-442A-B62C-2245A4C8BE13}.Release|Any CPU.Build.0 = Release|Any CPU
		{FB133ACC-2562-42A3-9820-4AE93B5CA541}.Debug|Any CPU.ActiveCfg = Debug|Any CPU
		{FB133ACC-2562-42A3-9820-4AE93B5CA541}.Debug|Any CPU.Build.0 = Debug|Any CPU
		{FB133ACC-2562-42A3-9820-4AE93B5CA541}.Release|Any CPU.ActiveCfg = Release|Any CPU
		{FB133ACC-2562-42A3-9820-4AE93B5CA541}.Release|Any CPU.Build.0 = Release|Any CPU
		{72C817B5-CCB4-4610-9502-9F734DEBE408}.Debug|Any CPU.ActiveCfg = Debug|Any CPU
		{72C817B5-CCB4-4610-9502-9F734DEBE408}.Debug|Any CPU.Build.0 = Debug|Any CPU
		{72C817B5-CCB4-4610-9502-9F734DEBE408}.Release|Any CPU.ActiveCfg = Release|Any CPU
		{72C817B5-CCB4-4610-9502-9F734DEBE408}.Release|Any CPU.Build.0 = Release|Any CPU
		{00F71E15-9959-49FB-85E9-CF6EFB755441}.Debug|Any CPU.ActiveCfg = Debug|Any CPU
		{00F71E15-9959-49FB-85E9-CF6EFB755441}.Debug|Any CPU.Build.0 = Debug|Any CPU
		{00F71E15-9959-49FB-85E9-CF6EFB755441}.Release|Any CPU.ActiveCfg = Release|Any CPU
		{00F71E15-9959-49FB-85E9-CF6EFB755441}.Release|Any CPU.Build.0 = Release|Any CPU
		{79AE5199-AE4E-4E84-9BCF-591DD75F59AF}.Debug|Any CPU.ActiveCfg = Debug|Any CPU
		{79AE5199-AE4E-4E84-9BCF-591DD75F59AF}.Debug|Any CPU.Build.0 = Debug|Any CPU
		{79AE5199-AE4E-4E84-9BCF-591DD75F59AF}.Release|Any CPU.ActiveCfg = Release|Any CPU
		{79AE5199-AE4E-4E84-9BCF-591DD75F59AF}.Release|Any CPU.Build.0 = Release|Any CPU
		{834554E8-74C5-478C-AE8D-37015B4C3AE1}.Debug|Any CPU.ActiveCfg = Debug|Any CPU
		{834554E8-74C5-478C-AE8D-37015B4C3AE1}.Debug|Any CPU.Build.0 = Debug|Any CPU
		{834554E8-74C5-478C-AE8D-37015B4C3AE1}.Release|Any CPU.ActiveCfg = Release|Any CPU
		{834554E8-74C5-478C-AE8D-37015B4C3AE1}.Release|Any CPU.Build.0 = Release|Any CPU
	EndGlobalSection
	GlobalSection(SolutionProperties) = preSolution
		HideSolutionNode = FALSE
	EndGlobalSection
	GlobalSection(NestedProjects) = preSolution
		{17D80C7B-2366-4638-AC4E-CEE4AC47536F} = {31E0DF25-725C-41CB-BDEC-D5876935533F}
		{5F640BA0-58F5-4966-B200-E6F43CFC0691} = {31E0DF25-725C-41CB-BDEC-D5876935533F}
		{6385C55C-A312-4D86-A421-F46A524FE648} = {31E0DF25-725C-41CB-BDEC-D5876935533F}
		{4C8A21C7-8558-4B41-A444-DEA7EC1B5294} = {558EBECF-4398-4B54-8147-BA2BB02CFF4B}
		{48ABC7CB-B5A4-4D20-8830-58A442AA7C22} = {558EBECF-4398-4B54-8147-BA2BB02CFF4B}
		{26C32863-3AE5-4CAB-A3BE-4ECF2787A8C2} = {558EBECF-4398-4B54-8147-BA2BB02CFF4B}
		{F0FC1D1D-F570-4B50-8485-8E4F6EFB61F9} = {558EBECF-4398-4B54-8147-BA2BB02CFF4B}
		{687DC64E-189E-4B2A-9CE6-A1F29F3BBA82} = {558EBECF-4398-4B54-8147-BA2BB02CFF4B}
		{765C2FB2-677A-4811-BB69-5F762945FA32} = {6D512DED-4C07-406B-9393-59F588F56B36}
		{AE38FDF3-9498-4204-A1C0-D4B1F257F5A8} = {558EBECF-4398-4B54-8147-BA2BB02CFF4B}
		{53247B1A-4230-4417-BBEA-FF9C096A0766} = {558EBECF-4398-4B54-8147-BA2BB02CFF4B}
		{EEACA712-3DB2-4137-B5C8-AF2170F9D5AB} = {558EBECF-4398-4B54-8147-BA2BB02CFF4B}
		{4AF839A1-E714-44C5-BD49-49B92C2A031F} = {558EBECF-4398-4B54-8147-BA2BB02CFF4B}
		{5F683138-0376-48A0-A481-33F5AAB89C23} = {31E0DF25-725C-41CB-BDEC-D5876935533F}
		{0798EF70-E8FF-4492-9E71-47EF159A5CCD} = {558EBECF-4398-4B54-8147-BA2BB02CFF4B}
		{2DC72D46-0CC6-411A-A4D0-5B48B270C32F} = {558EBECF-4398-4B54-8147-BA2BB02CFF4B}
		{46BDF6E6-B98F-4301-93C2-2325E63E668C} = {558EBECF-4398-4B54-8147-BA2BB02CFF4B}
		{21756B5A-F615-4393-BF47-89477E91E3AF} = {558EBECF-4398-4B54-8147-BA2BB02CFF4B}
		{C988DA5B-9D84-4568-99DB-448C1743EB4C} = {558EBECF-4398-4B54-8147-BA2BB02CFF4B}
		{BCAA3ECD-8638-4207-91F8-632CA987BA6D} = {558EBECF-4398-4B54-8147-BA2BB02CFF4B}
		{D8B4D88C-5AB3-423C-BAE8-1107BBFB6DBA} = {558EBECF-4398-4B54-8147-BA2BB02CFF4B}
		{4C6F8C89-AE3A-48E4-B716-FE33F39EF9CE} = {558EBECF-4398-4B54-8147-BA2BB02CFF4B}
		{DD6A780F-C096-484D-9381-9AF97E5E393D} = {558EBECF-4398-4B54-8147-BA2BB02CFF4B}
		{2792781E-6BE1-4620-BA04-4A3ED1CA3291} = {558EBECF-4398-4B54-8147-BA2BB02CFF4B}
		{76204308-17CB-4F3E-898C-FCBBBDD73848} = {558EBECF-4398-4B54-8147-BA2BB02CFF4B}
		{430A8E0A-A697-442A-B62C-2245A4C8BE13} = {558EBECF-4398-4B54-8147-BA2BB02CFF4B}
		{FB133ACC-2562-42A3-9820-4AE93B5CA541} = {558EBECF-4398-4B54-8147-BA2BB02CFF4B}
		{72C817B5-CCB4-4610-9502-9F734DEBE408} = {558EBECF-4398-4B54-8147-BA2BB02CFF4B}
		{00F71E15-9959-49FB-85E9-CF6EFB755441} = {558EBECF-4398-4B54-8147-BA2BB02CFF4B}
		{79AE5199-AE4E-4E84-9BCF-591DD75F59AF} = {31E0DF25-725C-41CB-BDEC-D5876935533F}
		{834554E8-74C5-478C-AE8D-37015B4C3AE1} = {558EBECF-4398-4B54-8147-BA2BB02CFF4B}
	EndGlobalSection
	GlobalSection(ExtensibilityGlobals) = postSolution
		SolutionGuid = {01FD03BD-6C05-4AE0-BCAD-70AE4435C85E}
	EndGlobalSection
EndGlobal
