
Microsoft Visual Studio Solution File, Format Version 12.00
# Visual Studio Version 16
VisualStudioVersion = 16.0.28729.10
MinimumVisualStudioVersion = 10.0.40219.1
Project("{9A19103F-16F7-4668-BE54-9A1E7A4F7556}") = "SampleTest", "src\DotNetCore2x\SampleTest\SampleTest.csproj", "{A283B07E-EF3D-4150-BCC0-51EC9F480086}"
EndProject
Project("{9A19103F-16F7-4668-BE54-9A1E7A4F7556}") = "TcpConsoleApp", "src\DotNetCore2x\TcpConsoleApp\TcpConsoleApp.csproj", "{98389D66-C961-4963-9751-E8C61D3A0278}"
EndProject
Project("{9A19103F-16F7-4668-BE54-9A1E7A4F7556}") = "UdpConsoleApp", "src\DotNetCore2x\UdpConsoleApp\UdpConsoleApp.csproj", "{A2FCEE9B-4C12-49FA-AF99-2CD5BF8E66FA}"
EndProject
Project("{9A19103F-16F7-4668-BE54-9A1E7A4F7556}") = "NamedPipeConsoleApp", "src\DotNetCore2x\NamedPipeConsoleApp\NamedPipeConsoleApp.csproj", "{4C53539B-5642-4EAC-BD9B-66970F18A770}"
EndProject
Project("{9A19103F-16F7-4668-BE54-9A1E7A4F7556}") = "GenericHostConsoleApp", "src\DotNetCore2x\GenericHostConsoleApp\GenericHostConsoleApp.csproj", "{13A66BF2-ACB6-4727-98B7-B959FAB60B5C}"
EndProject
Project("{9A19103F-16F7-4668-BE54-9A1E7A4F7556}") = "GenericHostOnceConsoleApp", "src\DotNetCore2x\GenericHostOnceConsoleApp\GenericHostOnceConsoleApp.csproj", "{ED7BFDB0-AADE-4CED-9946-7EE62FF25083}"
EndProject
Project("{9A19103F-16F7-4668-BE54-9A1E7A4F7556}") = "ProducerConsumerConsoleApp", "src\DotNetCore2x\ProducerConsumerConsoleApp\ProducerConsumerConsoleApp.csproj", "{94EF92F7-07A3-48E4-9B8E-924008DD73F7}"
EndProject
Project("{2150E333-8FDC-42A3-9474-1A3956D46DE8}") = ".NET Core", ".NET Core", "{B27800E3-AFE5-4BFB-87DF-286E4018B9E0}"
EndProject
Project("{2150E333-8FDC-42A3-9474-1A3956D46DE8}") = "ASP.NET Core", "ASP.NET Core", "{E0A5810C-9DAD-4E1B-9729-F71D0E01FF4B}"
EndProject
Project("{2150E333-8FDC-42A3-9474-1A3956D46DE8}") = "EF Core", "EF Core", "{273BE4A6-5632-4967-B450-0C30AF28D4AD}"
EndProject
Project("{9A19103F-16F7-4668-BE54-9A1E7A4F7556}") = "AbstractModelBindingWebApp", "src\AspNetCore2x\AbstractModelBindingWebApp\AbstractModelBindingWebApp.csproj", "{D139BB45-B3C2-4C28-9698-1E7B13325389}"
EndProject
Project("{9A19103F-16F7-4668-BE54-9A1E7A4F7556}") = "BasicAuthWebApp", "src\AspNetCore2x\BasicAuthWebApp\BasicAuthWebApp.csproj", "{8C6C2BD9-EC0E-4508-A2E2-A6E38A784D60}"
EndProject
Project("{9A19103F-16F7-4668-BE54-9A1E7A4F7556}") = "BasicAuthWebApp.Test", "src\AspNetCore2x\BasicAuthWebApp.Test\BasicAuthWebApp.Test.csproj", "{B9F17364-E9E4-4B1C-BA53-0677DA9A00B9}"
EndProject
Project("{9A19103F-16F7-4668-BE54-9A1E7A4F7556}") = "CookieAuthWebApp", "src\AspNetCore2x\CookieAuthWebApp\CookieAuthWebApp.csproj", "{8DDDFAD1-DF22-4D52-A893-80C7080A0AB5}"
EndProject
Project("{9A19103F-16F7-4668-BE54-9A1E7A4F7556}") = "CookieAuthWebApp.Test", "src\AspNetCore2x\CookieAuthWebApp.Test\CookieAuthWebApp.Test.csproj", "{6601DEA7-3E49-41A4-81CA-737740286E31}"
EndProject
Project("{9A19103F-16F7-4668-BE54-9A1E7A4F7556}") = "CookieWebApp", "src\AspNetCore2x\CookieWebApp\CookieWebApp.csproj", "{B8FB9C31-1596-4BA6-9E17-F19E295D4595}"
EndProject
Project("{9A19103F-16F7-4668-BE54-9A1E7A4F7556}") = "FallbackRouteWebApp", "src\AspNetCore2x\FallbackRouteWebApp\FallbackRouteWebApp.csproj", "{B24C2788-AA00-4EA4-BC0C-B4C43FB71CA1}"
EndProject
Project("{9A19103F-16F7-4668-BE54-9A1E7A4F7556}") = "FilterWebApp", "src\AspNetCore2x\FilterWebApp\FilterWebApp.csproj", "{6842E36C-95AD-4915-B76C-7848145B6DFE}"
EndProject
Project("{9A19103F-16F7-4668-BE54-9A1E7A4F7556}") = "HealthCheckUiWebApp", "src\AspNetCore2x\HealthCheckUiWebApp\HealthCheckUiWebApp.csproj", "{7DCEB46E-95EC-4197-8B34-31538326896C}"
EndProject
Project("{9A19103F-16F7-4668-BE54-9A1E7A4F7556}") = "HealthCheckWebApp", "src\AspNetCore2x\HealthCheckWebApp\HealthCheckWebApp.csproj", "{BFB5B3EF-4A0E-4302-9DB7-ABA634BD537B}"
EndProject
Project("{9A19103F-16F7-4668-BE54-9A1E7A4F7556}") = "HttpClientFactoryWebApp", "src\AspNetCore2x\HttpClientFactoryWebApp\HttpClientFactoryWebApp.csproj", "{4A64B35A-7CB0-4355-96E3-A70BF2E885D0}"
EndProject
Project("{9A19103F-16F7-4668-BE54-9A1E7A4F7556}") = "HttpsRedirectionWebApp", "src\AspNetCore2x\HttpsRedirectionWebApp\HttpsRedirectionWebApp.csproj", "{3EB26B79-5B47-47B1-8B3A-54B1DB4D8EB9}"
EndProject
Project("{9A19103F-16F7-4668-BE54-9A1E7A4F7556}") = "MultiTenantWebApp", "src\AspNetCore2x\MultiTenantWebApp\MultiTenantWebApp.csproj", "{EAB244CC-1A12-49C9-9212-EB2C48A469FA}"
EndProject
Project("{9A19103F-16F7-4668-BE54-9A1E7A4F7556}") = "OptionPatternWebApp", "src\AspNetCore2x\OptionPatternWebApp\OptionPatternWebApp.csproj", "{5AFA635F-EC01-4BC3-9CE6-0071E8C66122}"
EndProject
Project("{9A19103F-16F7-4668-BE54-9A1E7A4F7556}") = "PostRedirectGetWebApp", "src\AspNetCore2x\PostRedirectGetWebApp\PostRedirectGetWebApp.csproj", "{E1F5D429-66CE-47BC-85DF-801B1665065F}"
EndProject
Project("{9A19103F-16F7-4668-BE54-9A1E7A4F7556}") = "SampleTest", "src\AspNetCore2x\SampleTest\SampleTest.csproj", "{A8192623-26F8-482B-9D5B-710DECCD1FFE}"
EndProject
Project("{9A19103F-16F7-4668-BE54-9A1E7A4F7556}") = "SerilogWebApp", "src\AspNetCore2x\SerilogWebApp\SerilogWebApp.csproj", "{E89C81CB-94EE-441F-86E3-774C51E274B2}"
EndProject
Project("{9A19103F-16F7-4668-BE54-9A1E7A4F7556}") = "SessionWebApp", "src\AspNetCore2x\SessionWebApp\SessionWebApp.csproj", "{42787D5A-7DAB-4FA6-9C47-927DF20B691A}"
EndProject
Project("{9A19103F-16F7-4668-BE54-9A1E7A4F7556}") = "ValidatableObjectWebApp", "src\AspNetCore2x\ValidatableObjectWebApp\ValidatableObjectWebApp.csproj", "{2F21D948-3885-49E2-B80B-8C15FD872D5D}"
EndProject
Project("{9A19103F-16F7-4668-BE54-9A1E7A4F7556}") = "CancelConsoleApp", "src\EfCore2x\CancelConsoleApp\CancelConsoleApp.csproj", "{2ABEDFCA-EC73-445B-AA7A-BC477DBAB607}"
EndProject
Project("{9A19103F-16F7-4668-BE54-9A1E7A4F7556}") = "ConcurrencyConsoleApp", "src\EfCore2x\ConcurrencyConsoleApp\ConcurrencyConsoleApp.csproj", "{7E95B41B-B01C-420B-A979-68C17CA41147}"
EndProject
Project("{9A19103F-16F7-4668-BE54-9A1E7A4F7556}") = "FirstConsoleApp", "src\EfCore2x\FirstConsoleApp\FirstConsoleApp.csproj", "{6A25FFA9-9B92-4A62-A747-FD9296367781}"
EndProject
Project("{9A19103F-16F7-4668-BE54-9A1E7A4F7556}") = "SampleTest", "src\EfCore2x\SampleTest\SampleTest.csproj", "{1A3595B6-C62A-44A1-A86E-39DD21683AB2}"
EndProject
Global
	GlobalSection(SolutionConfigurationPlatforms) = preSolution
		Debug|Any CPU = Debug|Any CPU
		Release|Any CPU = Release|Any CPU
	EndGlobalSection
	GlobalSection(ProjectConfigurationPlatforms) = postSolution
		{A283B07E-EF3D-4150-BCC0-51EC9F480086}.Debug|Any CPU.ActiveCfg = Debug|Any CPU
		{A283B07E-EF3D-4150-BCC0-51EC9F480086}.Debug|Any CPU.Build.0 = Debug|Any CPU
		{A283B07E-EF3D-4150-BCC0-51EC9F480086}.Release|Any CPU.ActiveCfg = Release|Any CPU
		{A283B07E-EF3D-4150-BCC0-51EC9F480086}.Release|Any CPU.Build.0 = Release|Any CPU
		{98389D66-C961-4963-9751-E8C61D3A0278}.Debug|Any CPU.ActiveCfg = Debug|Any CPU
		{98389D66-C961-4963-9751-E8C61D3A0278}.Debug|Any CPU.Build.0 = Debug|Any CPU
		{98389D66-C961-4963-9751-E8C61D3A0278}.Release|Any CPU.ActiveCfg = Release|Any CPU
		{98389D66-C961-4963-9751-E8C61D3A0278}.Release|Any CPU.Build.0 = Release|Any CPU
		{A2FCEE9B-4C12-49FA-AF99-2CD5BF8E66FA}.Debug|Any CPU.ActiveCfg = Debug|Any CPU
		{A2FCEE9B-4C12-49FA-AF99-2CD5BF8E66FA}.Debug|Any CPU.Build.0 = Debug|Any CPU
		{A2FCEE9B-4C12-49FA-AF99-2CD5BF8E66FA}.Release|Any CPU.ActiveCfg = Release|Any CPU
		{A2FCEE9B-4C12-49FA-AF99-2CD5BF8E66FA}.Release|Any CPU.Build.0 = Release|Any CPU
		{4C53539B-5642-4EAC-BD9B-66970F18A770}.Debug|Any CPU.ActiveCfg = Debug|Any CPU
		{4C53539B-5642-4EAC-BD9B-66970F18A770}.Debug|Any CPU.Build.0 = Debug|Any CPU
		{4C53539B-5642-4EAC-BD9B-66970F18A770}.Release|Any CPU.ActiveCfg = Release|Any CPU
		{4C53539B-5642-4EAC-BD9B-66970F18A770}.Release|Any CPU.Build.0 = Release|Any CPU
		{13A66BF2-ACB6-4727-98B7-B959FAB60B5C}.Debug|Any CPU.ActiveCfg = Debug|Any CPU
		{13A66BF2-ACB6-4727-98B7-B959FAB60B5C}.Debug|Any CPU.Build.0 = Debug|Any CPU
		{13A66BF2-ACB6-4727-98B7-B959FAB60B5C}.Release|Any CPU.ActiveCfg = Release|Any CPU
		{13A66BF2-ACB6-4727-98B7-B959FAB60B5C}.Release|Any CPU.Build.0 = Release|Any CPU
		{ED7BFDB0-AADE-4CED-9946-7EE62FF25083}.Debug|Any CPU.ActiveCfg = Debug|Any CPU
		{ED7BFDB0-AADE-4CED-9946-7EE62FF25083}.Debug|Any CPU.Build.0 = Debug|Any CPU
		{ED7BFDB0-AADE-4CED-9946-7EE62FF25083}.Release|Any CPU.ActiveCfg = Release|Any CPU
		{ED7BFDB0-AADE-4CED-9946-7EE62FF25083}.Release|Any CPU.Build.0 = Release|Any CPU
		{94EF92F7-07A3-48E4-9B8E-924008DD73F7}.Debug|Any CPU.ActiveCfg = Debug|Any CPU
		{94EF92F7-07A3-48E4-9B8E-924008DD73F7}.Debug|Any CPU.Build.0 = Debug|Any CPU
		{94EF92F7-07A3-48E4-9B8E-924008DD73F7}.Release|Any CPU.ActiveCfg = Release|Any CPU
		{94EF92F7-07A3-48E4-9B8E-924008DD73F7}.Release|Any CPU.Build.0 = Release|Any CPU
		{D139BB45-B3C2-4C28-9698-1E7B13325389}.Debug|Any CPU.ActiveCfg = Debug|Any CPU
		{D139BB45-B3C2-4C28-9698-1E7B13325389}.Debug|Any CPU.Build.0 = Debug|Any CPU
		{D139BB45-B3C2-4C28-9698-1E7B13325389}.Release|Any CPU.ActiveCfg = Release|Any CPU
		{D139BB45-B3C2-4C28-9698-1E7B13325389}.Release|Any CPU.Build.0 = Release|Any CPU
		{8C6C2BD9-EC0E-4508-A2E2-A6E38A784D60}.Debug|Any CPU.ActiveCfg = Debug|Any CPU
		{8C6C2BD9-EC0E-4508-A2E2-A6E38A784D60}.Debug|Any CPU.Build.0 = Debug|Any CPU
		{8C6C2BD9-EC0E-4508-A2E2-A6E38A784D60}.Release|Any CPU.ActiveCfg = Release|Any CPU
		{8C6C2BD9-EC0E-4508-A2E2-A6E38A784D60}.Release|Any CPU.Build.0 = Release|Any CPU
		{B9F17364-E9E4-4B1C-BA53-0677DA9A00B9}.Debug|Any CPU.ActiveCfg = Debug|Any CPU
		{B9F17364-E9E4-4B1C-BA53-0677DA9A00B9}.Debug|Any CPU.Build.0 = Debug|Any CPU
		{B9F17364-E9E4-4B1C-BA53-0677DA9A00B9}.Release|Any CPU.ActiveCfg = Release|Any CPU
		{B9F17364-E9E4-4B1C-BA53-0677DA9A00B9}.Release|Any CPU.Build.0 = Release|Any CPU
		{8DDDFAD1-DF22-4D52-A893-80C7080A0AB5}.Debug|Any CPU.ActiveCfg = Debug|Any CPU
		{8DDDFAD1-DF22-4D52-A893-80C7080A0AB5}.Debug|Any CPU.Build.0 = Debug|Any CPU
		{8DDDFAD1-DF22-4D52-A893-80C7080A0AB5}.Release|Any CPU.ActiveCfg = Release|Any CPU
		{8DDDFAD1-DF22-4D52-A893-80C7080A0AB5}.Release|Any CPU.Build.0 = Release|Any CPU
		{6601DEA7-3E49-41A4-81CA-737740286E31}.Debug|Any CPU.ActiveCfg = Debug|Any CPU
		{6601DEA7-3E49-41A4-81CA-737740286E31}.Debug|Any CPU.Build.0 = Debug|Any CPU
		{6601DEA7-3E49-41A4-81CA-737740286E31}.Release|Any CPU.ActiveCfg = Release|Any CPU
		{6601DEA7-3E49-41A4-81CA-737740286E31}.Release|Any CPU.Build.0 = Release|Any CPU
		{B8FB9C31-1596-4BA6-9E17-F19E295D4595}.Debug|Any CPU.ActiveCfg = Debug|Any CPU
		{B8FB9C31-1596-4BA6-9E17-F19E295D4595}.Debug|Any CPU.Build.0 = Debug|Any CPU
		{B8FB9C31-1596-4BA6-9E17-F19E295D4595}.Release|Any CPU.ActiveCfg = Release|Any CPU
		{B8FB9C31-1596-4BA6-9E17-F19E295D4595}.Release|Any CPU.Build.0 = Release|Any CPU
		{B24C2788-AA00-4EA4-BC0C-B4C43FB71CA1}.Debug|Any CPU.ActiveCfg = Debug|Any CPU
		{B24C2788-AA00-4EA4-BC0C-B4C43FB71CA1}.Debug|Any CPU.Build.0 = Debug|Any CPU
		{B24C2788-AA00-4EA4-BC0C-B4C43FB71CA1}.Release|Any CPU.ActiveCfg = Release|Any CPU
		{B24C2788-AA00-4EA4-BC0C-B4C43FB71CA1}.Release|Any CPU.Build.0 = Release|Any CPU
		{6842E36C-95AD-4915-B76C-7848145B6DFE}.Debug|Any CPU.ActiveCfg = Debug|Any CPU
		{6842E36C-95AD-4915-B76C-7848145B6DFE}.Debug|Any CPU.Build.0 = Debug|Any CPU
		{6842E36C-95AD-4915-B76C-7848145B6DFE}.Release|Any CPU.ActiveCfg = Release|Any CPU
		{6842E36C-95AD-4915-B76C-7848145B6DFE}.Release|Any CPU.Build.0 = Release|Any CPU
		{7DCEB46E-95EC-4197-8B34-31538326896C}.Debug|Any CPU.ActiveCfg = Debug|Any CPU
		{7DCEB46E-95EC-4197-8B34-31538326896C}.Debug|Any CPU.Build.0 = Debug|Any CPU
		{7DCEB46E-95EC-4197-8B34-31538326896C}.Release|Any CPU.ActiveCfg = Release|Any CPU
		{7DCEB46E-95EC-4197-8B34-31538326896C}.Release|Any CPU.Build.0 = Release|Any CPU
		{BFB5B3EF-4A0E-4302-9DB7-ABA634BD537B}.Debug|Any CPU.ActiveCfg = Debug|Any CPU
		{BFB5B3EF-4A0E-4302-9DB7-ABA634BD537B}.Debug|Any CPU.Build.0 = Debug|Any CPU
		{BFB5B3EF-4A0E-4302-9DB7-ABA634BD537B}.Release|Any CPU.ActiveCfg = Release|Any CPU
		{BFB5B3EF-4A0E-4302-9DB7-ABA634BD537B}.Release|Any CPU.Build.0 = Release|Any CPU
		{4A64B35A-7CB0-4355-96E3-A70BF2E885D0}.Debug|Any CPU.ActiveCfg = Debug|Any CPU
		{4A64B35A-7CB0-4355-96E3-A70BF2E885D0}.Debug|Any CPU.Build.0 = Debug|Any CPU
		{4A64B35A-7CB0-4355-96E3-A70BF2E885D0}.Release|Any CPU.ActiveCfg = Release|Any CPU
		{4A64B35A-7CB0-4355-96E3-A70BF2E885D0}.Release|Any CPU.Build.0 = Release|Any CPU
		{3EB26B79-5B47-47B1-8B3A-54B1DB4D8EB9}.Debug|Any CPU.ActiveCfg = Debug|Any CPU
		{3EB26B79-5B47-47B1-8B3A-54B1DB4D8EB9}.Debug|Any CPU.Build.0 = Debug|Any CPU
		{3EB26B79-5B47-47B1-8B3A-54B1DB4D8EB9}.Release|Any CPU.ActiveCfg = Release|Any CPU
		{3EB26B79-5B47-47B1-8B3A-54B1DB4D8EB9}.Release|Any CPU.Build.0 = Release|Any CPU
		{EAB244CC-1A12-49C9-9212-EB2C48A469FA}.Debug|Any CPU.ActiveCfg = Debug|Any CPU
		{EAB244CC-1A12-49C9-9212-EB2C48A469FA}.Debug|Any CPU.Build.0 = Debug|Any CPU
		{EAB244CC-1A12-49C9-9212-EB2C48A469FA}.Release|Any CPU.ActiveCfg = Release|Any CPU
		{EAB244CC-1A12-49C9-9212-EB2C48A469FA}.Release|Any CPU.Build.0 = Release|Any CPU
		{5AFA635F-EC01-4BC3-9CE6-0071E8C66122}.Debug|Any CPU.ActiveCfg = Debug|Any CPU
		{5AFA635F-EC01-4BC3-9CE6-0071E8C66122}.Debug|Any CPU.Build.0 = Debug|Any CPU
		{5AFA635F-EC01-4BC3-9CE6-0071E8C66122}.Release|Any CPU.ActiveCfg = Release|Any CPU
		{5AFA635F-EC01-4BC3-9CE6-0071E8C66122}.Release|Any CPU.Build.0 = Release|Any CPU
		{E1F5D429-66CE-47BC-85DF-801B1665065F}.Debug|Any CPU.ActiveCfg = Debug|Any CPU
		{E1F5D429-66CE-47BC-85DF-801B1665065F}.Debug|Any CPU.Build.0 = Debug|Any CPU
		{E1F5D429-66CE-47BC-85DF-801B1665065F}.Release|Any CPU.ActiveCfg = Release|Any CPU
		{E1F5D429-66CE-47BC-85DF-801B1665065F}.Release|Any CPU.Build.0 = Release|Any CPU
		{A8192623-26F8-482B-9D5B-710DECCD1FFE}.Debug|Any CPU.ActiveCfg = Debug|Any CPU
		{A8192623-26F8-482B-9D5B-710DECCD1FFE}.Debug|Any CPU.Build.0 = Debug|Any CPU
		{A8192623-26F8-482B-9D5B-710DECCD1FFE}.Release|Any CPU.ActiveCfg = Release|Any CPU
		{A8192623-26F8-482B-9D5B-710DECCD1FFE}.Release|Any CPU.Build.0 = Release|Any CPU
		{E89C81CB-94EE-441F-86E3-774C51E274B2}.Debug|Any CPU.ActiveCfg = Debug|Any CPU
		{E89C81CB-94EE-441F-86E3-774C51E274B2}.Debug|Any CPU.Build.0 = Debug|Any CPU
		{E89C81CB-94EE-441F-86E3-774C51E274B2}.Release|Any CPU.ActiveCfg = Release|Any CPU
		{E89C81CB-94EE-441F-86E3-774C51E274B2}.Release|Any CPU.Build.0 = Release|Any CPU
		{42787D5A-7DAB-4FA6-9C47-927DF20B691A}.Debug|Any CPU.ActiveCfg = Debug|Any CPU
		{42787D5A-7DAB-4FA6-9C47-927DF20B691A}.Debug|Any CPU.Build.0 = Debug|Any CPU
		{42787D5A-7DAB-4FA6-9C47-927DF20B691A}.Release|Any CPU.ActiveCfg = Release|Any CPU
		{42787D5A-7DAB-4FA6-9C47-927DF20B691A}.Release|Any CPU.Build.0 = Release|Any CPU
		{2F21D948-3885-49E2-B80B-8C15FD872D5D}.Debug|Any CPU.ActiveCfg = Debug|Any CPU
		{2F21D948-3885-49E2-B80B-8C15FD872D5D}.Debug|Any CPU.Build.0 = Debug|Any CPU
		{2F21D948-3885-49E2-B80B-8C15FD872D5D}.Release|Any CPU.ActiveCfg = Release|Any CPU
		{2F21D948-3885-49E2-B80B-8C15FD872D5D}.Release|Any CPU.Build.0 = Release|Any CPU
		{2ABEDFCA-EC73-445B-AA7A-BC477DBAB607}.Debug|Any CPU.ActiveCfg = Debug|Any CPU
		{2ABEDFCA-EC73-445B-AA7A-BC477DBAB607}.Debug|Any CPU.Build.0 = Debug|Any CPU
		{2ABEDFCA-EC73-445B-AA7A-BC477DBAB607}.Release|Any CPU.ActiveCfg = Release|Any CPU
		{2ABEDFCA-EC73-445B-AA7A-BC477DBAB607}.Release|Any CPU.Build.0 = Release|Any CPU
		{7E95B41B-B01C-420B-A979-68C17CA41147}.Debug|Any CPU.ActiveCfg = Debug|Any CPU
		{7E95B41B-B01C-420B-A979-68C17CA41147}.Debug|Any CPU.Build.0 = Debug|Any CPU
		{7E95B41B-B01C-420B-A979-68C17CA41147}.Release|Any CPU.ActiveCfg = Release|Any CPU
		{7E95B41B-B01C-420B-A979-68C17CA41147}.Release|Any CPU.Build.0 = Release|Any CPU
		{6A25FFA9-9B92-4A62-A747-FD9296367781}.Debug|Any CPU.ActiveCfg = Debug|Any CPU
		{6A25FFA9-9B92-4A62-A747-FD9296367781}.Debug|Any CPU.Build.0 = Debug|Any CPU
		{6A25FFA9-9B92-4A62-A747-FD9296367781}.Release|Any CPU.ActiveCfg = Release|Any CPU
		{6A25FFA9-9B92-4A62-A747-FD9296367781}.Release|Any CPU.Build.0 = Release|Any CPU
		{1A3595B6-C62A-44A1-A86E-39DD21683AB2}.Debug|Any CPU.ActiveCfg = Debug|Any CPU
		{1A3595B6-C62A-44A1-A86E-39DD21683AB2}.Debug|Any CPU.Build.0 = Debug|Any CPU
		{1A3595B6-C62A-44A1-A86E-39DD21683AB2}.Release|Any CPU.ActiveCfg = Release|Any CPU
		{1A3595B6-C62A-44A1-A86E-39DD21683AB2}.Release|Any CPU.Build.0 = Release|Any CPU
	EndGlobalSection
	GlobalSection(SolutionProperties) = preSolution
		HideSolutionNode = FALSE
	EndGlobalSection
	GlobalSection(NestedProjects) = preSolution
		{A283B07E-EF3D-4150-BCC0-51EC9F480086} = {B27800E3-AFE5-4BFB-87DF-286E4018B9E0}
		{98389D66-C961-4963-9751-E8C61D3A0278} = {B27800E3-AFE5-4BFB-87DF-286E4018B9E0}
		{A2FCEE9B-4C12-49FA-AF99-2CD5BF8E66FA} = {B27800E3-AFE5-4BFB-87DF-286E4018B9E0}
		{4C53539B-5642-4EAC-BD9B-66970F18A770} = {B27800E3-AFE5-4BFB-87DF-286E4018B9E0}
		{13A66BF2-ACB6-4727-98B7-B959FAB60B5C} = {B27800E3-AFE5-4BFB-87DF-286E4018B9E0}
		{ED7BFDB0-AADE-4CED-9946-7EE62FF25083} = {B27800E3-AFE5-4BFB-87DF-286E4018B9E0}
		{94EF92F7-07A3-48E4-9B8E-924008DD73F7} = {B27800E3-AFE5-4BFB-87DF-286E4018B9E0}
		{D139BB45-B3C2-4C28-9698-1E7B13325389} = {E0A5810C-9DAD-4E1B-9729-F71D0E01FF4B}
		{8C6C2BD9-EC0E-4508-A2E2-A6E38A784D60} = {E0A5810C-9DAD-4E1B-9729-F71D0E01FF4B}
		{B9F17364-E9E4-4B1C-BA53-0677DA9A00B9} = {E0A5810C-9DAD-4E1B-9729-F71D0E01FF4B}
		{8DDDFAD1-DF22-4D52-A893-80C7080A0AB5} = {E0A5810C-9DAD-4E1B-9729-F71D0E01FF4B}
		{6601DEA7-3E49-41A4-81CA-737740286E31} = {E0A5810C-9DAD-4E1B-9729-F71D0E01FF4B}
		{B8FB9C31-1596-4BA6-9E17-F19E295D4595} = {E0A5810C-9DAD-4E1B-9729-F71D0E01FF4B}
		{B24C2788-AA00-4EA4-BC0C-B4C43FB71CA1} = {E0A5810C-9DAD-4E1B-9729-F71D0E01FF4B}
		{6842E36C-95AD-4915-B76C-7848145B6DFE} = {E0A5810C-9DAD-4E1B-9729-F71D0E01FF4B}
		{7DCEB46E-95EC-4197-8B34-31538326896C} = {E0A5810C-9DAD-4E1B-9729-F71D0E01FF4B}
		{BFB5B3EF-4A0E-4302-9DB7-ABA634BD537B} = {E0A5810C-9DAD-4E1B-9729-F71D0E01FF4B}
		{4A64B35A-7CB0-4355-96E3-A70BF2E885D0} = {E0A5810C-9DAD-4E1B-9729-F71D0E01FF4B}
		{3EB26B79-5B47-47B1-8B3A-54B1DB4D8EB9} = {E0A5810C-9DAD-4E1B-9729-F71D0E01FF4B}
		{EAB244CC-1A12-49C9-9212-EB2C48A469FA} = {E0A5810C-9DAD-4E1B-9729-F71D0E01FF4B}
		{5AFA635F-EC01-4BC3-9CE6-0071E8C66122} = {E0A5810C-9DAD-4E1B-9729-F71D0E01FF4B}
		{E1F5D429-66CE-47BC-85DF-801B1665065F} = {E0A5810C-9DAD-4E1B-9729-F71D0E01FF4B}
		{A8192623-26F8-482B-9D5B-710DECCD1FFE} = {E0A5810C-9DAD-4E1B-9729-F71D0E01FF4B}
		{E89C81CB-94EE-441F-86E3-774C51E274B2} = {E0A5810C-9DAD-4E1B-9729-F71D0E01FF4B}
		{42787D5A-7DAB-4FA6-9C47-927DF20B691A} = {E0A5810C-9DAD-4E1B-9729-F71D0E01FF4B}
		{2F21D948-3885-49E2-B80B-8C15FD872D5D} = {E0A5810C-9DAD-4E1B-9729-F71D0E01FF4B}
		{2ABEDFCA-EC73-445B-AA7A-BC477DBAB607} = {273BE4A6-5632-4967-B450-0C30AF28D4AD}
		{7E95B41B-B01C-420B-A979-68C17CA41147} = {273BE4A6-5632-4967-B450-0C30AF28D4AD}
		{6A25FFA9-9B92-4A62-A747-FD9296367781} = {273BE4A6-5632-4967-B450-0C30AF28D4AD}
		{1A3595B6-C62A-44A1-A86E-39DD21683AB2} = {273BE4A6-5632-4967-B450-0C30AF28D4AD}
	EndGlobalSection
	GlobalSection(ExtensibilityGlobals) = postSolution
		SolutionGuid = {922CFBCB-2F6F-4950-89CE-4F51C0E1A174}
	EndGlobalSection
EndGlobal
