
Microsoft Visual Studio Solution File, Format Version 12.00
# Visual Studio Version 16
VisualStudioVersion = 16.0.29519.87
MinimumVisualStudioVersion = 10.0.40219.1
Project("{FAE04EC0-301F-11D3-BF4B-00C04F79EFBC}") = "LoggingConsoleApp", "src\EfCore3x\LoggingConsoleApp\LoggingConsoleApp.csproj", "{CE9E17FE-A0F1-4784-AB5F-E29574F51A8F}"
EndProject
Global
	GlobalSection(SolutionConfigurationPlatforms) = preSolution
		Debug|Any CPU = Debug|Any CPU
		Release|Any CPU = Release|Any CPU
	EndGlobalSection
	GlobalSection(ProjectConfigurationPlatforms) = postSolution
		{CE9E17FE-A0F1-4784-AB5F-E29574F51A8F}.Debug|Any CPU.ActiveCfg = Debug|Any CPU
		{CE9E17FE-A0F1-4784-AB5F-E29574F51A8F}.Debug|Any CPU.Build.0 = Debug|Any CPU
		{CE9E17FE-A0F1-4784-AB5F-E29574F51A8F}.Release|Any CPU.ActiveCfg = Release|Any CPU
		{CE9E17FE-A0F1-4784-AB5F-E29574F51A8F}.Release|Any CPU.Build.0 = Release|Any CPU
	EndGlobalSection
	GlobalSection(SolutionProperties) = preSolution
		HideSolutionNode = FALSE
	EndGlobalSection
	GlobalSection(ExtensibilityGlobals) = postSolution
		SolutionGuid = {E76B6B68-B988-49B4-83BC-85CF399237C1}
	EndGlobalSection
EndGlobal
